
Microsoft Visual Studio Solution File, Format Version 12.00
# Visual Studio 15
VisualStudioVersion = 15.0.27004.2002
MinimumVisualStudioVersion = 10.0.40219.1
Project("{FAE04EC0-301F-11D3-BF4B-00C04F79EFBC}") = "comReader", "comReader\comReader.csproj", "{58429352-C429-41DE-B289-CCC31A8C487F}"
EndProject
Project("{FAE04EC0-301F-11D3-BF4B-00C04F79EFBC}") = "readerLib", "readerLib\readerLib.csproj", "{6F6643BB-9151-4CA6-9344-0FA2AFF0E564}"
EndProject
Global
	GlobalSection(SolutionConfigurationPlatforms) = preSolution
		Debug|Any CPU = Debug|Any CPU
		Release|Any CPU = Release|Any CPU
	EndGlobalSection
	GlobalSection(ProjectConfigurationPlatforms) = postSolution
		{58429352-C429-41DE-B289-CCC31A8C487F}.Debug|Any CPU.ActiveCfg = Debug|Any CPU
		{58429352-C429-41DE-B289-CCC31A8C487F}.Debug|Any CPU.Build.0 = Debug|Any CPU
		{58429352-C429-41DE-B289-CCC31A8C487F}.Release|Any CPU.ActiveCfg = Release|Any CPU
		{58429352-C429-41DE-B289-CCC31A8C487F}.Release|Any CPU.Build.0 = Release|Any CPU
		{6F6643BB-9151-4CA6-9344-0FA2AFF0E564}.Debug|Any CPU.ActiveCfg = Debug|Any CPU
		{6F6643BB-9151-4CA6-9344-0FA2AFF0E564}.Debug|Any CPU.Build.0 = Debug|Any CPU
		{6F6643BB-9151-4CA6-9344-0FA2AFF0E564}.Release|Any CPU.ActiveCfg = Release|Any CPU
		{6F6643BB-9151-4CA6-9344-0FA2AFF0E564}.Release|Any CPU.Build.0 = Release|Any CPU
	EndGlobalSection
	GlobalSection(SolutionProperties) = preSolution
		HideSolutionNode = FALSE
	EndGlobalSection
	GlobalSection(ExtensibilityGlobals) = postSolution
		SolutionGuid = {77876083-A2A5-4FAF-9147-7B52D9CCDAF4}
	EndGlobalSection
EndGlobal
